
Microsoft Visual Studio Solution File, Format Version 12.00
# Visual Studio Version 17
VisualStudioVersion = 17.2.32630.192
MinimumVisualStudioVersion = 10.0.40219.1
Project("{FAE04EC0-301F-11D3-BF4B-00C04F79EFBC}") = "BlazorApp1.Server", "BlazorApp1\Server\BlazorApp1.Server.csproj", "{C0C24077-6DCD-4293-B4F0-74E82630E587}"
EndProject
Project("{FAE04EC0-301F-11D3-BF4B-00C04F79EFBC}") = "BlazorApp1.Client", "BlazorApp1\Client\BlazorApp1.Client.csproj", "{C24E73FC-0C47-45DC-BC52-DBF9241C3CCB}"
EndProject
Project("{FAE04EC0-301F-11D3-BF4B-00C04F79EFBC}") = "BlazorApp1.Shared", "BlazorApp1\Shared\BlazorApp1.Shared.csproj", "{0040611C-9668-43C3-B2E8-77732239D7BE}"
EndProject
Global
	GlobalSection(SolutionConfigurationPlatforms) = preSolution
		Debug|Any CPU = Debug|Any CPU
		Release|Any CPU = Release|Any CPU
	EndGlobalSection
	GlobalSection(ProjectConfigurationPlatforms) = postSolution
		{C0C24077-6DCD-4293-B4F0-74E82630E587}.Debug|Any CPU.ActiveCfg = Debug|Any CPU
		{C0C24077-6DCD-4293-B4F0-74E82630E587}.Debug|Any CPU.Build.0 = Debug|Any CPU
		{C0C24077-6DCD-4293-B4F0-74E82630E587}.Release|Any CPU.ActiveCfg = Release|Any CPU
		{C0C24077-6DCD-4293-B4F0-74E82630E587}.Release|Any CPU.Build.0 = Release|Any CPU
		{C24E73FC-0C47-45DC-BC52-DBF9241C3CCB}.Debug|Any CPU.ActiveCfg = Debug|Any CPU
		{C24E73FC-0C47-45DC-BC52-DBF9241C3CCB}.Debug|Any CPU.Build.0 = Debug|Any CPU
		{C24E73FC-0C47-45DC-BC52-DBF9241C3CCB}.Release|Any CPU.ActiveCfg = Release|Any CPU
		{C24E73FC-0C47-45DC-BC52-DBF9241C3CCB}.Release|Any CPU.Build.0 = Release|Any CPU
		{0040611C-9668-43C3-B2E8-77732239D7BE}.Debug|Any CPU.ActiveCfg = Debug|Any CPU
		{0040611C-9668-43C3-B2E8-77732239D7BE}.Debug|Any CPU.Build.0 = Debug|Any CPU
		{0040611C-9668-43C3-B2E8-77732239D7BE}.Release|Any CPU.ActiveCfg = Release|Any CPU
		{0040611C-9668-43C3-B2E8-77732239D7BE}.Release|Any CPU.Build.0 = Release|Any CPU
	EndGlobalSection
	GlobalSection(SolutionProperties) = preSolution
		HideSolutionNode = FALSE
	EndGlobalSection
	GlobalSection(ExtensibilityGlobals) = postSolution
		SolutionGuid = {C4DCC8F0-9553-42C4-8D9C-38F597BE8AF2}
	EndGlobalSection
EndGlobal
